#MicroXplorer Configuration settings - do not modify
CAD.formats=
CAD.pinconfig=
CAD.provider=
Dma.Request0=SPI1_TX
Dma.RequestsNb=1
Dma.SPI1_TX.0.Direction=DMA_MEMORY_TO_PERIPH
Dma.SPI1_TX.0.FIFOMode=DMA_FIFOMODE_ENABLE
Dma.SPI1_TX.0.FIFOThreshold=DMA_FIFO_THRESHOLD_FULL
Dma.SPI1_TX.0.Instance=DMA2_Stream2
Dma.SPI1_TX.0.MemBurst=DMA_MBURST_SINGLE
Dma.SPI1_TX.0.MemDataAlignment=DMA_MDATAALIGN_BYTE
Dma.SPI1_TX.0.MemInc=DMA_MINC_ENABLE
Dma.SPI1_TX.0.Mode=DMA_NORMAL
Dma.SPI1_TX.0.PeriphBurst=DMA_PBURST_SINGLE
Dma.SPI1_TX.0.PeriphDataAlignment=DMA_PDATAALIGN_BYTE
Dma.SPI1_TX.0.PeriphInc=DMA_PINC_DISABLE
Dma.SPI1_TX.0.Priority=DMA_PRIORITY_MEDIUM
Dma.SPI1_TX.0.RequestParameters=Instance,Direction,PeriphInc,MemInc,PeriphDataAlignment,MemDataAlignment,Mode,Priority,FIFOMode,FIFOThreshold,MemBurst,PeriphBurst
File.Version=6
GPIO.groupedBy=Group By Peripherals
KeepUserPlacement=false
Mcu.CPN=STM32F411CEU6
Mcu.Family=STM32F4
Mcu.IP0=CRC
Mcu.IP1=DMA
Mcu.IP2=NVIC
Mcu.IP3=RCC
Mcu.IP4=SPI1
Mcu.IP5=SYS
Mcu.IP6=TIM2
Mcu.IP7=TIM4
Mcu.IP8=USART1
Mcu.IPNb=9
Mcu.Name=STM32F411C(C-E)Ux
Mcu.Package=UFQFPN48
Mcu.Pin0=PH0 - OSC_IN
Mcu.Pin1=PH1 - OSC_OUT
Mcu.Pin10=PA9
Mcu.Pin11=PA10
Mcu.Pin12=PA13
Mcu.Pin13=PA14
Mcu.Pin14=VP_CRC_VS_CRC
Mcu.Pin15=VP_SYS_VS_Systick
Mcu.Pin16=VP_TIM2_VS_ClockSourceINT
Mcu.Pin17=VP_TIM4_VS_ClockSourceINT
Mcu.Pin18=VP_STMicroelectronics.X-CUBE-TOUCHGFX_VS_GraphicsJjApplication_4.23.2
Mcu.Pin2=PA0-WKUP
Mcu.Pin3=PA3
Mcu.Pin4=PA5
Mcu.Pin5=PA6
Mcu.Pin6=PA7
Mcu.Pin7=PB0
Mcu.Pin8=PB1
Mcu.Pin9=PB2
Mcu.PinsNb=19
Mcu.ThirdParty0=STMicroelectronics.X-CUBE-TOUCHGFX.4.23.2
Mcu.ThirdPartyNb=1
Mcu.UserConstants=
Mcu.UserName=STM32F411CEUx
MxCube.Version=6.11.0
MxDb.Version=DB.6.0.110
NVIC.BusFault_IRQn=true\:0\:0\:false\:false\:true\:false\:false\:false
NVIC.DMA2_Stream2_IRQn=true\:0\:0\:false\:false\:true\:false\:true\:true
NVIC.DebugMonitor_IRQn=true\:0\:0\:false\:false\:true\:false\:false\:false
NVIC.ForceEnableDMAVector=true
NVIC.HardFault_IRQn=true\:0\:0\:false\:false\:true\:false\:false\:false
NVIC.MemoryManagement_IRQn=true\:0\:0\:false\:false\:true\:false\:false\:false
NVIC.NonMaskableInt_IRQn=true\:0\:0\:false\:false\:true\:false\:false\:false
NVIC.PendSV_IRQn=true\:0\:0\:false\:false\:true\:false\:false\:false
NVIC.PriorityGroup=NVIC_PRIORITYGROUP_4
NVIC.RCC_IRQn=true\:0\:0\:false\:false\:true\:true\:false\:true
NVIC.SPI1_IRQn=true\:0\:0\:false\:false\:true\:true\:true\:true
NVIC.SVCall_IRQn=true\:0\:0\:false\:false\:true\:false\:false\:false
NVIC.SysTick_IRQn=true\:15\:0\:false\:false\:true\:false\:true\:false
NVIC.TIM4_IRQn=true\:0\:0\:false\:false\:true\:true\:true\:true
NVIC.UsageFault_IRQn=true\:0\:0\:false\:false\:true\:false\:false\:false
PA0-WKUP.GPIOParameters=GPIO_Label
PA0-WKUP.GPIO_Label=SYS_WKUP
PA0-WKUP.Locked=true
PA0-WKUP.Mode=SYS_WakeUp0
PA0-WKUP.Signal=SYS_WKUP
PA10.Mode=Asynchronous
PA10.Signal=USART1_RX
PA13.Mode=Serial_Wire
PA13.Signal=SYS_JTMS-SWDIO
PA14.Mode=Serial_Wire
PA14.Signal=SYS_JTCK-SWCLK
PA3.Signal=S_TIM2_CH4
PA5.Mode=Full_Duplex_Master
PA5.Signal=SPI1_SCK
PA6.Mode=Full_Duplex_Master
PA6.Signal=SPI1_MISO
PA7.Mode=Full_Duplex_Master
PA7.Signal=SPI1_MOSI
PA9.Mode=Asynchronous
PA9.Signal=USART1_TX
PB0.GPIOParameters=GPIO_Speed,GPIO_Label
PB0.GPIO_Label=SCRN_DC
PB0.GPIO_Speed=GPIO_SPEED_FREQ_HIGH
PB0.Locked=true
PB0.Signal=GPIO_Output
PB1.GPIOParameters=GPIO_Speed,GPIO_Label
PB1.GPIO_Label=SCRN_RESET
PB1.GPIO_Speed=GPIO_SPEED_FREQ_HIGH
PB1.Locked=true
PB1.Signal=GPIO_Output
PB2.GPIOParameters=GPIO_Speed,GPIO_Label
PB2.GPIO_Label=SCRN_CS
PB2.GPIO_Speed=GPIO_SPEED_FREQ_HIGH
PB2.Locked=true
PB2.Signal=GPIO_Output
PH0\ -\ OSC_IN.Mode=HSE-External-Oscillator
PH0\ -\ OSC_IN.Signal=RCC_OSC_IN
PH1\ -\ OSC_OUT.Mode=HSE-External-Oscillator
PH1\ -\ OSC_OUT.Signal=RCC_OSC_OUT
PinOutPanel.RotationAngle=0
ProjectManager.AskForMigrate=true
ProjectManager.BackupPrevious=false
ProjectManager.CompilerOptimize=6
ProjectManager.ComputerToolchain=false
ProjectManager.CoupleFile=false
ProjectManager.CustomerFirmwarePackage=
ProjectManager.DefaultFWLocation=true
ProjectManager.DeletePrevious=true
ProjectManager.DeviceId=STM32F411CEUx
ProjectManager.FirmwarePackage=STM32Cube FW_F4 V1.28.0
ProjectManager.FreePins=false
ProjectManager.HalAssertFull=false
ProjectManager.HeapSize=0x200
ProjectManager.KeepUserCode=true
ProjectManager.LastFirmware=true
ProjectManager.LibraryCopy=1
ProjectManager.MainLocation=Core/Src
ProjectManager.NoMain=false
ProjectManager.PreviousToolchain=STM32CubeIDE
ProjectManager.ProjectBuild=false
ProjectManager.ProjectFileName=STM_411CEU6_BatteryUnit.ioc
ProjectManager.ProjectName=STM_411CEU6_BatteryUnit
ProjectManager.ProjectStructure=
ProjectManager.RegisterCallBack=
ProjectManager.StackSize=0x400
ProjectManager.TargetToolchain=STM32CubeIDE
ProjectManager.ToolChainLocation=
ProjectManager.UAScriptAfterPath=
ProjectManager.UAScriptBeforePath=
ProjectManager.UnderRoot=true
ProjectManager.functionlistsort=1-SystemClock_Config-RCC-false-HAL-false,2-MX_GPIO_Init-GPIO-false-HAL-true,3-MX_DMA_Init-DMA-false-HAL-true,4-MX_SPI1_Init-SPI1-false-HAL-true,5-MX_USART1_UART_Init-USART1-false-HAL-true,6-MX_CRC_Init-CRC-false-HAL-true,7-MX_TIM2_Init-TIM2-false-HAL-true,8-MX_TIM4_Init-TIM4-false-HAL-true,9-MX_TouchGFX_Init-STMicroelectronics.X-CUBE-TOUCHGFX.4.23.2-false-HAL-false,10-MX_TouchGFX_Process-STMicroelectronics.X-CUBE-TOUCHGFX.4.23.2-false-HAL-false
RCC.48MHZClocksFreq_Value=50000000
RCC.AHBFreq_Value=100000000
RCC.APB1CLKDivider=RCC_HCLK_DIV2
RCC.APB1Freq_Value=50000000
RCC.APB1TimFreq_Value=100000000
RCC.APB2Freq_Value=100000000
RCC.APB2TimFreq_Value=100000000
RCC.CortexFreq_Value=100000000
RCC.EthernetFreq_Value=100000000
RCC.FCLKCortexFreq_Value=100000000
RCC.FamilyName=M
RCC.HCLKFreq_Value=100000000
RCC.HSE_VALUE=25000000
RCC.HSI_VALUE=16000000
RCC.I2SClocksFreq_Value=150000000
RCC.IPParameters=48MHZClocksFreq_Value,AHBFreq_Value,APB1CLKDivider,APB1Freq_Value,APB1TimFreq_Value,APB2Freq_Value,APB2TimFreq_Value,CortexFreq_Value,EthernetFreq_Value,FCLKCortexFreq_Value,FamilyName,HCLKFreq_Value,HSE_VALUE,HSI_VALUE,I2SClocksFreq_Value,LSE_VALUE,LSI_VALUE,PLLCLKFreq_Value,PLLM,PLLN,PLLQCLKFreq_Value,PLLSourceVirtual,RTCFreq_Value,RTCHSEDivFreq_Value,SYSCLKFreq_VALUE,SYSCLKSource,VCOI2SOutputFreq_Value,VCOInputFreq_Value,VCOInputMFreq_Value,VCOOutputFreq_Value,VcooutputI2S
RCC.LSE_VALUE=32768
RCC.LSI_VALUE=32000
RCC.PLLCLKFreq_Value=100000000
RCC.PLLM=12
RCC.PLLN=96
RCC.PLLQCLKFreq_Value=50000000
RCC.PLLSourceVirtual=RCC_PLLSOURCE_HSE
RCC.RTCFreq_Value=32000
RCC.RTCHSEDivFreq_Value=12500000
RCC.SYSCLKFreq_VALUE=100000000
RCC.SYSCLKSource=RCC_SYSCLKSOURCE_PLLCLK
RCC.VCOI2SOutputFreq_Value=300000000
RCC.VCOInputFreq_Value=2083333.3333333333
RCC.VCOInputMFreq_Value=1562500
RCC.VCOOutputFreq_Value=200000000
RCC.VcooutputI2S=150000000
SH.S_TIM2_CH4.0=TIM2_CH4,PWM Generation4 CH4
SH.S_TIM2_CH4.ConfNb=1
SPI1.CalculateBaudRate=50.0 MBits/s
SPI1.Direction=SPI_DIRECTION_2LINES
SPI1.IPParameters=VirtualType,Mode,Direction,CalculateBaudRate
SPI1.Mode=SPI_MODE_MASTER
SPI1.VirtualType=VM_MASTER
STMicroelectronics.X-CUBE-TOUCHGFX.4.23.2.ApplicationCcGraphicsJjApplication=TouchGFXOoGenerator
STMicroelectronics.X-CUBE-TOUCHGFX.4.23.2.GraphicsJjApplication_Checked=true
STMicroelectronics.X-CUBE-TOUCHGFX.4.23.2.IPParameters=tgfx_custom_width,tgfx_custom_height,tgfx_buffering_strategy,tgfx_oswrapper,ApplicationCcGraphicsJjApplication
STMicroelectronics.X-CUBE-TOUCHGFX.4.23.2.tgfx_buffering_strategy=Partial
STMicroelectronics.X-CUBE-TOUCHGFX.4.23.2.tgfx_custom_height=240
STMicroelectronics.X-CUBE-TOUCHGFX.4.23.2.tgfx_custom_width=320
STMicroelectronics.X-CUBE-TOUCHGFX.4.23.2.tgfx_oswrapper=NoOS
STMicroelectronics.X-CUBE-TOUCHGFX.4.23.2_IsPackSelfContextualization=true
STMicroelectronics.X-CUBE-TOUCHGFX.4.23.2_SwParameter=ApplicationCcGraphicsJjApplication\:TouchGFXOoGenerator;
TIM2.Channel-PWM\ Generation4\ CH4=TIM_CHANNEL_4
TIM2.IPParameters=Channel-PWM Generation4 CH4,Prescaler,Period
TIM2.Period=999
TIM2.Prescaler=99
TIM4.IPParameters=Prescaler,Period
TIM4.Period=15
TIM4.Prescaler=44999
USART1.IPParameters=VirtualMode
USART1.VirtualMode=VM_ASYNC
VP_CRC_VS_CRC.Mode=CRC_Activate
VP_CRC_VS_CRC.Signal=CRC_VS_CRC
VP_STMicroelectronics.X-CUBE-TOUCHGFX_VS_GraphicsJjApplication_4.23.2.Mode=GraphicsJjApplication
VP_STMicroelectronics.X-CUBE-TOUCHGFX_VS_GraphicsJjApplication_4.23.2.Signal=STMicroelectronics.X-CUBE-TOUCHGFX_VS_GraphicsJjApplication_4.23.2
VP_SYS_VS_Systick.Mode=SysTick
VP_SYS_VS_Systick.Signal=SYS_VS_Systick
VP_TIM2_VS_ClockSourceINT.Mode=Internal
VP_TIM2_VS_ClockSourceINT.Signal=TIM2_VS_ClockSourceINT
VP_TIM4_VS_ClockSourceINT.Mode=Internal
VP_TIM4_VS_ClockSourceINT.Signal=TIM4_VS_ClockSourceINT
board=custom
isbadioc=false
